
Microsoft Visual Studio Solution File, Format Version 12.00
# Visual Studio Version 17
VisualStudioVersion = 17.2.32630.192
MinimumVisualStudioVersion = 10.0.40219.1
Project("{FAE04EC0-301F-11D3-BF4B-00C04F79EFBC}") = "Test", "Test\Test.csproj", "{A8FEC970-2DD8-4CAE-A971-97F3249BF305}"
EndProject
Global
	GlobalSection(SolutionConfigurationPlatforms) = preSolution
		Debug|Any CPU = Debug|Any CPU
		Release|Any CPU = Release|Any CPU
	EndGlobalSection
	GlobalSection(ProjectConfigurationPlatforms) = postSolution
		{A8FEC970-2DD8-4CAE-A971-97F3249BF305}.Debug|Any CPU.ActiveCfg = Debug|Any CPU
		{A8FEC970-2DD8-4CAE-A971-97F3249BF305}.Debug|Any CPU.Build.0 = Debug|Any CPU
		{A8FEC970-2DD8-4CAE-A971-97F3249BF305}.Release|Any CPU.ActiveCfg = Release|Any CPU
		{A8FEC970-2DD8-4CAE-A971-97F3249BF305}.Release|Any CPU.Build.0 = Release|Any CPU
	EndGlobalSection
	GlobalSection(SolutionProperties) = preSolution
		HideSolutionNode = FALSE
	EndGlobalSection
	GlobalSection(ExtensibilityGlobals) = postSolution
		SolutionGuid = {20AFE99B-2380-4180-AF22-577020CB9EDA}
	EndGlobalSection
EndGlobal
